
Microsoft Visual Studio Solution File, Format Version 12.00
# Visual Studio 2012
Project("{FAE04EC0-301F-11D3-BF4B-00C04F79EFBC}") = "TurbolinksTestApp", "TurbolinksTestApp\TurbolinksTestApp.csproj", "{2EDAA178-B8D7-4E35-982B-BFB90E7C9183}"
EndProject
Project("{2150E333-8FDC-42A3-9474-1A3956D46DE8}") = ".nuget", ".nuget", "{C2E85045-ACAF-4BDE-B0F7-CFE4BBA70465}"
	ProjectSection(SolutionItems) = preProject
		.nuget\NuGet.Config = .nuget\NuGet.Config
		.nuget\NuGet.exe = .nuget\NuGet.exe
		.nuget\NuGet.targets = .nuget\NuGet.targets
	EndProjectSection
EndProject
Project("{FAE04EC0-301F-11D3-BF4B-00C04F79EFBC}") = "TurbolinksTests", "TurbolinksTests\TurbolinksTests.csproj", "{68B40148-6974-481D-8F86-2BC90AF02BF0}"
EndProject
Project("{FAE04EC0-301F-11D3-BF4B-00C04F79EFBC}") = "TurbolinksBenchmark", "TurbolinksBenchmark\TurbolinksBenchmark.csproj", "{CC7EA4C2-4996-4BF1-B78C-89A7F01D4F97}"
EndProject
Project("{FAE04EC0-301F-11D3-BF4B-00C04F79EFBC}") = "TurbolinksBenchmark.Results", "TurbolinksBenchmark.Results\TurbolinksBenchmark.Results.csproj", "{3DAEBAD6-EFB3-4ED0-9B83-018ED447CAE3}"
EndProject
Global
	GlobalSection(SolutionConfigurationPlatforms) = preSolution
		Debug|Any CPU = Debug|Any CPU
		Release|Any CPU = Release|Any CPU
	EndGlobalSection
	GlobalSection(ProjectConfigurationPlatforms) = postSolution
		{2EDAA178-B8D7-4E35-982B-BFB90E7C9183}.Debug|Any CPU.ActiveCfg = Debug|Any CPU
		{2EDAA178-B8D7-4E35-982B-BFB90E7C9183}.Debug|Any CPU.Build.0 = Debug|Any CPU
		{2EDAA178-B8D7-4E35-982B-BFB90E7C9183}.Release|Any CPU.ActiveCfg = Release|Any CPU
		{2EDAA178-B8D7-4E35-982B-BFB90E7C9183}.Release|Any CPU.Build.0 = Release|Any CPU
		{68B40148-6974-481D-8F86-2BC90AF02BF0}.Debug|Any CPU.ActiveCfg = Debug|Any CPU
		{68B40148-6974-481D-8F86-2BC90AF02BF0}.Debug|Any CPU.Build.0 = Debug|Any CPU
		{68B40148-6974-481D-8F86-2BC90AF02BF0}.Release|Any CPU.ActiveCfg = Release|Any CPU
		{68B40148-6974-481D-8F86-2BC90AF02BF0}.Release|Any CPU.Build.0 = Release|Any CPU
		{CC7EA4C2-4996-4BF1-B78C-89A7F01D4F97}.Debug|Any CPU.ActiveCfg = Debug|Any CPU
		{CC7EA4C2-4996-4BF1-B78C-89A7F01D4F97}.Debug|Any CPU.Build.0 = Debug|Any CPU
		{CC7EA4C2-4996-4BF1-B78C-89A7F01D4F97}.Release|Any CPU.ActiveCfg = Release|Any CPU
		{CC7EA4C2-4996-4BF1-B78C-89A7F01D4F97}.Release|Any CPU.Build.0 = Release|Any CPU
		{3DAEBAD6-EFB3-4ED0-9B83-018ED447CAE3}.Debug|Any CPU.ActiveCfg = Debug|Any CPU
		{3DAEBAD6-EFB3-4ED0-9B83-018ED447CAE3}.Debug|Any CPU.Build.0 = Debug|Any CPU
		{3DAEBAD6-EFB3-4ED0-9B83-018ED447CAE3}.Release|Any CPU.ActiveCfg = Release|Any CPU
		{3DAEBAD6-EFB3-4ED0-9B83-018ED447CAE3}.Release|Any CPU.Build.0 = Release|Any CPU
	EndGlobalSection
	GlobalSection(SolutionProperties) = preSolution
		HideSolutionNode = FALSE
	EndGlobalSection
EndGlobal
